// !$*UTF8*$!
{
	archiveVersion = 1;
	classes = {
	};
	objectVersion = 46;
	objects = {

/* Begin PBXBuildFile section */
		0C2F82CB16D8A41800EB212A /* Cocoa.framework in Frameworks */ = {isa = PBXBuildFile; fileRef = 0C2F82CA16D8A41800EB212A /* Cocoa.framework */; };
		0C2F82ED16D8A48700EB212A /* main.cpp in Sources */ = {isa = PBXBuildFile; fileRef = 0C2F82EB16D8A48700EB212A /* main.cpp */; };
		0C2F82EF16D8A56700EB212A /* libSDL2-2.0.0.dylib in Frameworks */ = {isa = PBXBuildFile; fileRef = 0C2F82EE16D8A56700EB212A /* libSDL2-2.0.0.dylib */; };
		0C2F82F216D8A5CE00EB212A /* wavelike_app.mm in Sources */ = {isa = PBXBuildFile; fileRef = 0C2F82F016D8A5CE00EB212A /* wavelike_app.mm */; };
		0C32840416D9578C00AB86E4 /* display.cpp in Sources */ = {isa = PBXBuildFile; fileRef = 0C32840216D9578C00AB86E4 /* display.cpp */; };
		0C4E3EAA16D9FF8300B25C4C /* wave.cpp in Sources */ = {isa = PBXBuildFile; fileRef = 0C4E3EA816D9FF8300B25C4C /* wave.cpp */; };
		0C4E3EAD16D9FF8C00B25C4C /* background.cpp in Sources */ = {isa = PBXBuildFile; fileRef = 0C4E3EAB16D9FF8C00B25C4C /* background.cpp */; };
		0C4E3EB016DA015B00B25C4C /* layer.cpp in Sources */ = {isa = PBXBuildFile; fileRef = 0C4E3EAE16DA015B00B25C4C /* layer.cpp */; };
		0C6AA65816D98F4300BFFA62 /* OpenGL.framework in Frameworks */ = {isa = PBXBuildFile; fileRef = 0C6AA65716D98F4300BFFA62 /* OpenGL.framework */; };
		0C9E7EB116DA055D009AD8B2 /* shader_program.cpp in Sources */ = {isa = PBXBuildFile; fileRef = 0C9E7EAF16DA055D009AD8B2 /* shader_program.cpp */; };
		0C9E7EB416DA06FE009AD8B2 /* utility.cpp in Sources */ = {isa = PBXBuildFile; fileRef = 0C9E7EB216DA06FE009AD8B2 /* utility.cpp */; };
		0C9E7EB716DA1701009AD8B2 /* background_frag.glsl in CopyFiles */ = {isa = PBXBuildFile; fileRef = 0C9E7EAD16DA03E6009AD8B2 /* background_frag.glsl */; };
		0C9E7EB816DA1701009AD8B2 /* projection_vertex.glsl in CopyFiles */ = {isa = PBXBuildFile; fileRef = 0C9E7EB516DA0A79009AD8B2 /* projection_vertex.glsl */; };
/* End PBXBuildFile section */

/* Begin PBXCopyFilesBuildPhase section */
		0CACCCE216DA16EC0065C865 /* CopyFiles */ = {
			isa = PBXCopyFilesBuildPhase;
			buildActionMask = 2147483647;
			dstPath = shaders;
			dstSubfolderSpec = 7;
			files = (
				0C9E7EB716DA1701009AD8B2 /* background_frag.glsl in CopyFiles */,
				0C9E7EB816DA1701009AD8B2 /* projection_vertex.glsl in CopyFiles */,
			);
			runOnlyForDeploymentPostprocessing = 0;
		};
/* End PBXCopyFilesBuildPhase section */

/* Begin PBXFileReference section */
		0C2F82C716D8A41800EB212A /* Wavelike.app */ = {isa = PBXFileReference; explicitFileType = wrapper.application; includeInIndex = 0; path = Wavelike.app; sourceTree = BUILT_PRODUCTS_DIR; };
		0C2F82CA16D8A41800EB212A /* Cocoa.framework */ = {isa = PBXFileReference; lastKnownFileType = wrapper.framework; name = Cocoa.framework; path = System/Library/Frameworks/Cocoa.framework; sourceTree = SDKROOT; };
		0C2F82CD16D8A41800EB212A /* AppKit.framework */ = {isa = PBXFileReference; lastKnownFileType = wrapper.framework; name = AppKit.framework; path = System/Library/Frameworks/AppKit.framework; sourceTree = SDKROOT; };
		0C2F82CE16D8A41800EB212A /* CoreData.framework */ = {isa = PBXFileReference; lastKnownFileType = wrapper.framework; name = CoreData.framework; path = System/Library/Frameworks/CoreData.framework; sourceTree = SDKROOT; };
		0C2F82CF16D8A41800EB212A /* Foundation.framework */ = {isa = PBXFileReference; lastKnownFileType = wrapper.framework; name = Foundation.framework; path = System/Library/Frameworks/Foundation.framework; sourceTree = SDKROOT; };
		0C2F82E716D8A46F00EB212A /* Wavelike-Info.plist */ = {isa = PBXFileReference; fileEncoding = 4; lastKnownFileType = text.plist.xml; path = "Wavelike-Info.plist"; sourceTree = "<group>"; };
		0C2F82E816D8A46F00EB212A /* Wavelike-Prefix.pch */ = {isa = PBXFileReference; fileEncoding = 4; lastKnownFileType = sourcecode.c.h; path = "Wavelike-Prefix.pch"; sourceTree = "<group>"; };
		0C2F82EB16D8A48700EB212A /* main.cpp */ = {isa = PBXFileReference; fileEncoding = 4; lastKnownFileType = sourcecode.cpp.cpp; path = main.cpp; sourceTree = "<group>"; };
		0C2F82EE16D8A56700EB212A /* libSDL2-2.0.0.dylib */ = {isa = PBXFileReference; lastKnownFileType = "compiled.mach-o.dylib"; name = "libSDL2-2.0.0.dylib"; path = "../../../../../../usr/local/lib/libSDL2-2.0.0.dylib"; sourceTree = "<group>"; };
		0C2F82F016D8A5CE00EB212A /* wavelike_app.mm */ = {isa = PBXFileReference; fileEncoding = 4; lastKnownFileType = sourcecode.cpp.objcpp; path = wavelike_app.mm; sourceTree = "<group>"; };
		0C2F82F116D8A5CE00EB212A /* wavelike_app.h */ = {isa = PBXFileReference; fileEncoding = 4; lastKnownFileType = sourcecode.c.h; path = wavelike_app.h; sourceTree = "<group>"; };
		0C32840216D9578C00AB86E4 /* display.cpp */ = {isa = PBXFileReference; fileEncoding = 4; lastKnownFileType = sourcecode.cpp.cpp; path = display.cpp; sourceTree = "<group>"; };
		0C32840316D9578C00AB86E4 /* display.h */ = {isa = PBXFileReference; fileEncoding = 4; lastKnownFileType = sourcecode.c.h; path = display.h; sourceTree = "<group>"; };
		0C4E3EA816D9FF8300B25C4C /* wave.cpp */ = {isa = PBXFileReference; fileEncoding = 4; lastKnownFileType = sourcecode.cpp.cpp; path = wave.cpp; sourceTree = "<group>"; };
		0C4E3EA916D9FF8300B25C4C /* wave.h */ = {isa = PBXFileReference; fileEncoding = 4; lastKnownFileType = sourcecode.c.h; path = wave.h; sourceTree = "<group>"; };
		0C4E3EAB16D9FF8C00B25C4C /* background.cpp */ = {isa = PBXFileReference; fileEncoding = 4; lastKnownFileType = sourcecode.cpp.cpp; path = background.cpp; sourceTree = "<group>"; };
		0C4E3EAC16D9FF8C00B25C4C /* background.h */ = {isa = PBXFileReference; fileEncoding = 4; lastKnownFileType = sourcecode.c.h; path = background.h; sourceTree = "<group>"; };
		0C4E3EAE16DA015B00B25C4C /* layer.cpp */ = {isa = PBXFileReference; fileEncoding = 4; lastKnownFileType = sourcecode.cpp.cpp; path = layer.cpp; sourceTree = "<group>"; };
		0C4E3EAF16DA015B00B25C4C /* layer.h */ = {isa = PBXFileReference; fileEncoding = 4; lastKnownFileType = sourcecode.c.h; path = layer.h; sourceTree = "<group>"; };
		0C6AA65716D98F4300BFFA62 /* OpenGL.framework */ = {isa = PBXFileReference; lastKnownFileType = wrapper.framework; name = OpenGL.framework; path = Platforms/MacOSX.platform/Developer/SDKs/MacOSX10.8.sdk/System/Library/Frameworks/OpenGL.framework; sourceTree = DEVELOPER_DIR; };
		0C9E7EAD16DA03E6009AD8B2 /* background_frag.glsl */ = {isa = PBXFileReference; fileEncoding = 4; lastKnownFileType = text; path = background_frag.glsl; sourceTree = "<group>"; xcLanguageSpecificationIdentifier = xcode.lang.glsl; };
		0C9E7EAF16DA055D009AD8B2 /* shader_program.cpp */ = {isa = PBXFileReference; fileEncoding = 4; lastKnownFileType = sourcecode.cpp.cpp; path = shader_program.cpp; sourceTree = "<group>"; };
		0C9E7EB016DA055D009AD8B2 /* shader_program.h */ = {isa = PBXFileReference; fileEncoding = 4; lastKnownFileType = sourcecode.c.h; path = shader_program.h; sourceTree = "<group>"; };
		0C9E7EB216DA06FE009AD8B2 /* utility.cpp */ = {isa = PBXFileReference; fileEncoding = 4; lastKnownFileType = sourcecode.cpp.cpp; path = utility.cpp; sourceTree = "<group>"; };
		0C9E7EB316DA06FE009AD8B2 /* utility.h */ = {isa = PBXFileReference; fileEncoding = 4; lastKnownFileType = sourcecode.c.h; path = utility.h; sourceTree = "<group>"; };
		0C9E7EB516DA0A79009AD8B2 /* projection_vertex.glsl */ = {isa = PBXFileReference; fileEncoding = 4; lastKnownFileType = text; path = projection_vertex.glsl; sourceTree = "<group>"; xcLanguageSpecificationIdentifier = xcode.lang.glsl; };
/* End PBXFileReference section */

/* Begin PBXFrameworksBuildPhase section */
		0C2F82C416D8A41800EB212A /* Frameworks */ = {
			isa = PBXFrameworksBuildPhase;
			buildActionMask = 2147483647;
			files = (
				0C6AA65816D98F4300BFFA62 /* OpenGL.framework in Frameworks */,
				0C2F82EF16D8A56700EB212A /* libSDL2-2.0.0.dylib in Frameworks */,
				0C2F82CB16D8A41800EB212A /* Cocoa.framework in Frameworks */,
			);
			runOnlyForDeploymentPostprocessing = 0;
		};
/* End PBXFrameworksBuildPhase section */

/* Begin PBXGroup section */
		0C2F82BA16D8A3D700EB212A = {
			isa = PBXGroup;
			children = (
				0C2F82E516D8A46100EB212A /* shaders */,
				0C2F82E616D8A46100EB212A /* src */,
				0C2F82EA16D8A47600EB212A /* Resources */,
				0C2F82C916D8A41800EB212A /* Frameworks */,
				0C2F82C816D8A41800EB212A /* Products */,
			);
			sourceTree = "<group>";
		};
		0C2F82C816D8A41800EB212A /* Products */ = {
			isa = PBXGroup;
			children = (
				0C2F82C716D8A41800EB212A /* Wavelike.app */,
			);
			name = Products;
			sourceTree = "<group>";
		};
		0C2F82C916D8A41800EB212A /* Frameworks */ = {
			isa = PBXGroup;
			children = (
				0C2F82EE16D8A56700EB212A /* libSDL2-2.0.0.dylib */,
				0C6AA65716D98F4300BFFA62 /* OpenGL.framework */,
				0C2F82CA16D8A41800EB212A /* Cocoa.framework */,
				0C2F82CC16D8A41800EB212A /* Other Frameworks */,
			);
			name = Frameworks;
			sourceTree = "<group>";
		};
		0C2F82CC16D8A41800EB212A /* Other Frameworks */ = {
			isa = PBXGroup;
			children = (
				0C2F82CD16D8A41800EB212A /* AppKit.framework */,
				0C2F82CE16D8A41800EB212A /* CoreData.framework */,
				0C2F82CF16D8A41800EB212A /* Foundation.framework */,
			);
			name = "Other Frameworks";
			sourceTree = "<group>";
		};
		0C2F82E516D8A46100EB212A /* shaders */ = {
			isa = PBXGroup;
			children = (
				0C9E7EAD16DA03E6009AD8B2 /* background_frag.glsl */,
				0C9E7EB516DA0A79009AD8B2 /* projection_vertex.glsl */,
			);
			name = shaders;
			path = ../shaders;
			sourceTree = "<group>";
		};
		0C2F82E616D8A46100EB212A /* src */ = {
			isa = PBXGroup;
			children = (
				0C4E3EAC16D9FF8C00B25C4C /* background.h */,
				0C4E3EAB16D9FF8C00B25C4C /* background.cpp */,
				0C32840316D9578C00AB86E4 /* display.h */,
				0C32840216D9578C00AB86E4 /* display.cpp */,
				0C4E3EAF16DA015B00B25C4C /* layer.h */,
				0C4E3EAE16DA015B00B25C4C /* layer.cpp */,
				0C2F82EB16D8A48700EB212A /* main.cpp */,
				0C9E7EB016DA055D009AD8B2 /* shader_program.h */,
				0C9E7EAF16DA055D009AD8B2 /* shader_program.cpp */,
				0C9E7EB316DA06FE009AD8B2 /* utility.h */,
				0C9E7EB216DA06FE009AD8B2 /* utility.cpp */,
				0C4E3EA916D9FF8300B25C4C /* wave.h */,
				0C4E3EA816D9FF8300B25C4C /* wave.cpp */,
				0C2F82F116D8A5CE00EB212A /* wavelike_app.h */,
				0C2F82F016D8A5CE00EB212A /* wavelike_app.mm */,
			);
			name = src;
			path = ../src;
			sourceTree = "<group>";
		};
		0C2F82EA16D8A47600EB212A /* Resources */ = {
			isa = PBXGroup;
			children = (
				0C2F82E716D8A46F00EB212A /* Wavelike-Info.plist */,
				0C2F82E816D8A46F00EB212A /* Wavelike-Prefix.pch */,
			);
			name = Resources;
			sourceTree = "<group>";
		};
/* End PBXGroup section */

/* Begin PBXNativeTarget section */
		0C2F82C616D8A41800EB212A /* Wavelike */ = {
			isa = PBXNativeTarget;
			buildConfigurationList = 0C2F82E216D8A41900EB212A /* Build configuration list for PBXNativeTarget "Wavelike" */;
			buildPhases = (
				0C2F82C316D8A41800EB212A /* Sources */,
				0C2F82C416D8A41800EB212A /* Frameworks */,
				0CACCCE216DA16EC0065C865 /* CopyFiles */,
			);
			buildRules = (
			);
			dependencies = (
			);
			name = Wavelike;
			productName = Wavelike;
			productReference = 0C2F82C716D8A41800EB212A /* Wavelike.app */;
			productType = "com.apple.product-type.application";
		};
/* End PBXNativeTarget section */

/* Begin PBXProject section */
		0C2F82BB16D8A3D700EB212A /* Project object */ = {
			isa = PBXProject;
			attributes = {
				LastUpgradeCheck = 0500;
			};
			buildConfigurationList = 0C2F82BE16D8A3D700EB212A /* Build configuration list for PBXProject "Wavelike" */;
			compatibilityVersion = "Xcode 3.2";
			developmentRegion = English;
			hasScannedForEncodings = 0;
			knownRegions = (
				en,
			);
			mainGroup = 0C2F82BA16D8A3D700EB212A;
			productRefGroup = 0C2F82C816D8A41800EB212A /* Products */;
			projectDirPath = "";
			projectRoot = "";
			targets = (
				0C2F82C616D8A41800EB212A /* Wavelike */,
			);
		};
/* End PBXProject section */

/* Begin PBXSourcesBuildPhase section */
		0C2F82C316D8A41800EB212A /* Sources */ = {
			isa = PBXSourcesBuildPhase;
			buildActionMask = 2147483647;
			files = (
				0C9E7EB416DA06FE009AD8B2 /* utility.cpp in Sources */,
				0C4E3EAA16D9FF8300B25C4C /* wave.cpp in Sources */,
				0C4E3EAD16D9FF8C00B25C4C /* background.cpp in Sources */,
				0C2F82ED16D8A48700EB212A /* main.cpp in Sources */,
				0C9E7EB116DA055D009AD8B2 /* shader_program.cpp in Sources */,
				0C2F82F216D8A5CE00EB212A /* wavelike_app.mm in Sources */,
				0C32840416D9578C00AB86E4 /* display.cpp in Sources */,
				0C4E3EB016DA015B00B25C4C /* layer.cpp in Sources */,
			);
			runOnlyForDeploymentPostprocessing = 0;
		};
/* End PBXSourcesBuildPhase section */

/* Begin XCBuildConfiguration section */
		0C2F82BF16D8A3D700EB212A /* Debug */ = {
			isa = XCBuildConfiguration;
			buildSettings = {
			};
			name = Debug;
		};
		0C2F82C016D8A3D700EB212A /* Release */ = {
			isa = XCBuildConfiguration;
			buildSettings = {
			};
			name = Release;
		};
		0C2F82E316D8A41900EB212A /* Debug */ = {
			isa = XCBuildConfiguration;
			buildSettings = {
				ALWAYS_SEARCH_USER_PATHS = NO;
				ARCHS = "$(ARCHS_STANDARD_64_BIT)";
				CLANG_CXX_LANGUAGE_STANDARD = "gnu++0x";
				CLANG_CXX_LIBRARY = "libc++";
				CLANG_WARN_CONSTANT_CONVERSION = YES;
				CLANG_WARN_EMPTY_BODY = YES;
				CLANG_WARN_ENUM_CONVERSION = YES;
				CLANG_WARN_INT_CONVERSION = YES;
				CLANG_WARN_OBJC_ROOT_CLASS = YES_ERROR;
				CLANG_WARN__DUPLICATE_METHOD_MATCH = YES;
				COMBINE_HIDPI_IMAGES = YES;
				COPY_PHASE_STRIP = NO;
				GCC_C_LANGUAGE_STANDARD = gnu99;
				GCC_DYNAMIC_NO_PIC = NO;
				GCC_ENABLE_OBJC_EXCEPTIONS = YES;
				GCC_OPTIMIZATION_LEVEL = 0;
				GCC_PRECOMPILE_PREFIX_HEADER = YES;
				GCC_PREFIX_HEADER = "Wavelike-Prefix.pch";
				GCC_PREPROCESSOR_DEFINITIONS = (
					"DEBUG=1",
					"$(inherited)",
				);
				GCC_SYMBOLS_PRIVATE_EXTERN = NO;
				GCC_WARN_64_TO_32_BIT_CONVERSION = YES;
				GCC_WARN_ABOUT_RETURN_TYPE = YES;
				GCC_WARN_UNINITIALIZED_AUTOS = YES;
				GCC_WARN_UNUSED_VARIABLE = YES;
				HEADER_SEARCH_PATHS = /usr/local/include;
				INFOPLIST_FILE = "Wavelike-Info.plist";
				LIBRARY_SEARCH_PATHS = /usr/local/lib;
				MACOSX_DEPLOYMENT_TARGET = 10.8;
				PRODUCT_NAME = "$(TARGET_NAME)";
				SDKROOT = macosx;
				WRAPPER_EXTENSION = app;
			};
			name = Debug;
		};
		0C2F82E416D8A41900EB212A /* Release */ = {
			isa = XCBuildConfiguration;
			buildSettings = {
				ALWAYS_SEARCH_USER_PATHS = NO;
				ARCHS = "$(ARCHS_STANDARD_64_BIT)";
				CLANG_CXX_LANGUAGE_STANDARD = "gnu++0x";
				CLANG_CXX_LIBRARY = "libc++";
				CLANG_WARN_CONSTANT_CONVERSION = YES;
				CLANG_WARN_EMPTY_BODY = YES;
				CLANG_WARN_ENUM_CONVERSION = YES;
				CLANG_WARN_INT_CONVERSION = YES;
				CLANG_WARN_OBJC_ROOT_CLASS = YES_ERROR;
				CLANG_WARN__DUPLICATE_METHOD_MATCH = YES;
				COMBINE_HIDPI_IMAGES = YES;
				COPY_PHASE_STRIP = YES;
				DEBUG_INFORMATION_FORMAT = "dwarf-with-dsym";
				ENABLE_NS_ASSERTIONS = NO;
				GCC_C_LANGUAGE_STANDARD = gnu99;
				GCC_ENABLE_OBJC_EXCEPTIONS = YES;
				GCC_PRECOMPILE_PREFIX_HEADER = YES;
				GCC_PREFIX_HEADER = "Wavelike-Prefix.pch";
				GCC_WARN_64_TO_32_BIT_CONVERSION = YES;
				GCC_WARN_ABOUT_RETURN_TYPE = YES;
				GCC_WARN_UNINITIALIZED_AUTOS = YES;
				GCC_WARN_UNUSED_VARIABLE = YES;
				HEADER_SEARCH_PATHS = /usr/local/include;
				INFOPLIST_FILE = "Wavelike-Info.plist";
				LIBRARY_SEARCH_PATHS = /usr/local/lib;
				MACOSX_DEPLOYMENT_TARGET = 10.8;
				PRODUCT_NAME = "$(TARGET_NAME)";
				SDKROOT = macosx;
				WRAPPER_EXTENSION = app;
			};
			name = Release;
		};
/* End XCBuildConfiguration section */

/* Begin XCConfigurationList section */
		0C2F82BE16D8A3D700EB212A /* Build configuration list for PBXProject "Wavelike" */ = {
			isa = XCConfigurationList;
			buildConfigurations = (
				0C2F82BF16D8A3D700EB212A /* Debug */,
				0C2F82C016D8A3D700EB212A /* Release */,
			);
			defaultConfigurationIsVisible = 0;
			defaultConfigurationName = Release;
		};
		0C2F82E216D8A41900EB212A /* Build configuration list for PBXNativeTarget "Wavelike" */ = {
			isa = XCConfigurationList;
			buildConfigurations = (
				0C2F82E316D8A41900EB212A /* Debug */,
				0C2F82E416D8A41900EB212A /* Release */,
			);
			defaultConfigurationIsVisible = 0;
			defaultConfigurationName = Release;
		};
/* End XCConfigurationList section */
	};
	rootObject = 0C2F82BB16D8A3D700EB212A /* Project object */;
}
